
Microsoft Visual Studio Solution File, Format Version 12.00
# Visual Studio Version 17
VisualStudioVersion = 17.1.32407.343
MinimumVisualStudioVersion = 10.0.40219.1
Project("{2150E333-8FDC-42A3-9474-1A3956D46DE8}") = "src", "src", "{602474EE-1C88-469E-832E-AE06B00D2288}"
EndProject
Project("{2150E333-8FDC-42A3-9474-1A3956D46DE8}") = "test", "test", "{6931CF9C-705C-477D-BDAD-D87CFEDD0BF2}"
EndProject
Project("{9A19103F-16F7-4668-BE54-9A1E7A4F7556}") = "Juice.BgService", "src\Juice.BgService\Juice.BgService.csproj", "{C40960B7-E7EF-4FC3-958B-30BEED4C6A56}"
EndProject
Project("{9A19103F-16F7-4668-BE54-9A1E7A4F7556}") = "Juice.BgService.Tests", "test\Juice.BgService.Tests\Juice.BgService.Tests.csproj", "{62F34031-3D79-4042-BE28-ABAF781279D2}"
EndProject
Project("{9A19103F-16F7-4668-BE54-9A1E7A4F7556}") = "Juice.BgService.Api", "src\Juice.BgService.Api\Juice.BgService.Api.csproj", "{EF13EC4A-9520-47B7-9DC6-5CA746CEA96F}"
EndProject
Project("{9A19103F-16F7-4668-BE54-9A1E7A4F7556}") = "Juice.BgService.Tests.Recurring", "test\Juice.BgService.Tests.Recurring\Juice.BgService.Tests.Recurring.csproj", "{0E18D690-E3A1-4761-B142-73C829C3E029}"
EndProject
Project("{9A19103F-16F7-4668-BE54-9A1E7A4F7556}") = "Juice.BgService.Abstractions", "src\Juice.BgService.Abstractions\Juice.BgService.Abstractions.csproj", "{DFCD6338-E252-44C1-8DBE-8E81CEAE2A7F}"
EndProject
Project("{9A19103F-16F7-4668-BE54-9A1E7A4F7556}") = "Juice.BgService.Tests.XUnit", "test\Juice.BgService.Tests.XUnit\Juice.BgService.Tests.XUnit.csproj", "{1CD43B61-AB4E-48C5-A724-889DD5401A48}"
EndProject
Project("{9A19103F-16F7-4668-BE54-9A1E7A4F7556}") = "Juice.BgService.ServiceBase", "src\Juice.BgService.ServiceBase\Juice.BgService.ServiceBase.csproj", "{05E4B4A1-1A03-472D-A898-33DC6B49FB5F}"
EndProject
Project("{2150E333-8FDC-42A3-9474-1A3956D46DE8}") = "Solution Items", "Solution Items", "{02534980-E667-49F1-961F-7EA64DDE63E8}"
	ProjectSection(SolutionItems) = preProject
		Directory.Build.props = Directory.Build.props
	EndProjectSection
EndProject
Project("{FAE04EC0-301F-11D3-BF4B-00C04F79EFBC}") = "Juice.BgService.Tests.Shared", "test\Juice.BgService.Tests.Shared\Juice.BgService.Tests.Shared.csproj", "{60711711-52AB-4FBA-8415-BD5F9D4C2E26}"
EndProject
Global
	GlobalSection(SolutionConfigurationPlatforms) = preSolution
		Debug|Any CPU = Debug|Any CPU
		Release|Any CPU = Release|Any CPU
	EndGlobalSection
	GlobalSection(ProjectConfigurationPlatforms) = postSolution
		{C40960B7-E7EF-4FC3-958B-30BEED4C6A56}.Debug|Any CPU.ActiveCfg = Debug|Any CPU
		{C40960B7-E7EF-4FC3-958B-30BEED4C6A56}.Debug|Any CPU.Build.0 = Debug|Any CPU
		{C40960B7-E7EF-4FC3-958B-30BEED4C6A56}.Release|Any CPU.ActiveCfg = Release|Any CPU
		{C40960B7-E7EF-4FC3-958B-30BEED4C6A56}.Release|Any CPU.Build.0 = Release|Any CPU
		{62F34031-3D79-4042-BE28-ABAF781279D2}.Debug|Any CPU.ActiveCfg = Debug|Any CPU
		{62F34031-3D79-4042-BE28-ABAF781279D2}.Debug|Any CPU.Build.0 = Debug|Any CPU
		{62F34031-3D79-4042-BE28-ABAF781279D2}.Release|Any CPU.ActiveCfg = Release|Any CPU
		{62F34031-3D79-4042-BE28-ABAF781279D2}.Release|Any CPU.Build.0 = Release|Any CPU
		{EF13EC4A-9520-47B7-9DC6-5CA746CEA96F}.Debug|Any CPU.ActiveCfg = Debug|Any CPU
		{EF13EC4A-9520-47B7-9DC6-5CA746CEA96F}.Debug|Any CPU.Build.0 = Debug|Any CPU
		{EF13EC4A-9520-47B7-9DC6-5CA746CEA96F}.Release|Any CPU.ActiveCfg = Release|Any CPU
		{EF13EC4A-9520-47B7-9DC6-5CA746CEA96F}.Release|Any CPU.Build.0 = Release|Any CPU
		{0E18D690-E3A1-4761-B142-73C829C3E029}.Debug|Any CPU.ActiveCfg = Debug|Any CPU
		{0E18D690-E3A1-4761-B142-73C829C3E029}.Debug|Any CPU.Build.0 = Debug|Any CPU
		{0E18D690-E3A1-4761-B142-73C829C3E029}.Release|Any CPU.ActiveCfg = Release|Any CPU
		{0E18D690-E3A1-4761-B142-73C829C3E029}.Release|Any CPU.Build.0 = Release|Any CPU
		{DFCD6338-E252-44C1-8DBE-8E81CEAE2A7F}.Debug|Any CPU.ActiveCfg = Debug|Any CPU
		{DFCD6338-E252-44C1-8DBE-8E81CEAE2A7F}.Debug|Any CPU.Build.0 = Debug|Any CPU
		{DFCD6338-E252-44C1-8DBE-8E81CEAE2A7F}.Release|Any CPU.ActiveCfg = Release|Any CPU
		{DFCD6338-E252-44C1-8DBE-8E81CEAE2A7F}.Release|Any CPU.Build.0 = Release|Any CPU
		{1CD43B61-AB4E-48C5-A724-889DD5401A48}.Debug|Any CPU.ActiveCfg = Debug|Any CPU
		{1CD43B61-AB4E-48C5-A724-889DD5401A48}.Debug|Any CPU.Build.0 = Debug|Any CPU
		{1CD43B61-AB4E-48C5-A724-889DD5401A48}.Release|Any CPU.ActiveCfg = Release|Any CPU
		{1CD43B61-AB4E-48C5-A724-889DD5401A48}.Release|Any CPU.Build.0 = Release|Any CPU
		{05E4B4A1-1A03-472D-A898-33DC6B49FB5F}.Debug|Any CPU.ActiveCfg = Debug|Any CPU
		{05E4B4A1-1A03-472D-A898-33DC6B49FB5F}.Debug|Any CPU.Build.0 = Debug|Any CPU
		{05E4B4A1-1A03-472D-A898-33DC6B49FB5F}.Release|Any CPU.ActiveCfg = Release|Any CPU
		{05E4B4A1-1A03-472D-A898-33DC6B49FB5F}.Release|Any CPU.Build.0 = Release|Any CPU
		{60711711-52AB-4FBA-8415-BD5F9D4C2E26}.Debug|Any CPU.ActiveCfg = Debug|Any CPU
		{60711711-52AB-4FBA-8415-BD5F9D4C2E26}.Debug|Any CPU.Build.0 = Debug|Any CPU
		{60711711-52AB-4FBA-8415-BD5F9D4C2E26}.Release|Any CPU.ActiveCfg = Release|Any CPU
		{60711711-52AB-4FBA-8415-BD5F9D4C2E26}.Release|Any CPU.Build.0 = Release|Any CPU
	EndGlobalSection
	GlobalSection(SolutionProperties) = preSolution
		HideSolutionNode = FALSE
	EndGlobalSection
	GlobalSection(NestedProjects) = preSolution
		{C40960B7-E7EF-4FC3-958B-30BEED4C6A56} = {602474EE-1C88-469E-832E-AE06B00D2288}
		{62F34031-3D79-4042-BE28-ABAF781279D2} = {6931CF9C-705C-477D-BDAD-D87CFEDD0BF2}
		{EF13EC4A-9520-47B7-9DC6-5CA746CEA96F} = {602474EE-1C88-469E-832E-AE06B00D2288}
		{0E18D690-E3A1-4761-B142-73C829C3E029} = {6931CF9C-705C-477D-BDAD-D87CFEDD0BF2}
		{DFCD6338-E252-44C1-8DBE-8E81CEAE2A7F} = {602474EE-1C88-469E-832E-AE06B00D2288}
		{1CD43B61-AB4E-48C5-A724-889DD5401A48} = {6931CF9C-705C-477D-BDAD-D87CFEDD0BF2}
		{05E4B4A1-1A03-472D-A898-33DC6B49FB5F} = {602474EE-1C88-469E-832E-AE06B00D2288}
		{60711711-52AB-4FBA-8415-BD5F9D4C2E26} = {6931CF9C-705C-477D-BDAD-D87CFEDD0BF2}
	EndGlobalSection
	GlobalSection(ExtensibilityGlobals) = postSolution
		SolutionGuid = {46DC06F6-883A-4568-B0BA-0C90702C5583}
	EndGlobalSection
EndGlobal
